
Microsoft Visual Studio Solution File, Format Version 12.00
# Visual Studio Version 17
VisualStudioVersion = 17.6.33829.357
MinimumVisualStudioVersion = 10.0.40219.1
Project("{FAE04EC0-301F-11D3-BF4B-00C04F79EFBC}") = "AudioToBase64Post", "AudioToBase64Post\AudioToBase64Post.csproj", "{7EB4D51F-F1A5-4A9F-8B1A-45177C945D1D}"
EndProject
Global
	GlobalSection(SolutionConfigurationPlatforms) = preSolution
		Debug|Any CPU = Debug|Any CPU
		Release|Any CPU = Release|Any CPU
	EndGlobalSection
	GlobalSection(ProjectConfigurationPlatforms) = postSolution
		{7EB4D51F-F1A5-4A9F-8B1A-45177C945D1D}.Debug|Any CPU.ActiveCfg = Debug|Any CPU
		{7EB4D51F-F1A5-4A9F-8B1A-45177C945D1D}.Debug|Any CPU.Build.0 = Debug|Any CPU
		{7EB4D51F-F1A5-4A9F-8B1A-45177C945D1D}.Release|Any CPU.ActiveCfg = Release|Any CPU
		{7EB4D51F-F1A5-4A9F-8B1A-45177C945D1D}.Release|Any CPU.Build.0 = Release|Any CPU
	EndGlobalSection
	GlobalSection(SolutionProperties) = preSolution
		HideSolutionNode = FALSE
	EndGlobalSection
	GlobalSection(ExtensibilityGlobals) = postSolution
		SolutionGuid = {362D5A4E-D1C1-4008-8AAE-D56D81EA1D4F}
	EndGlobalSection
EndGlobal
